
Microsoft Visual Studio Solution File, Format Version 12.00
# Visual Studio Version 16
VisualStudioVersion = 16.0.31911.196
MinimumVisualStudioVersion = 10.0.40219.1
Project("{FAE04EC0-301F-11D3-BF4B-00C04F79EFBC}") = "Galgje", "Galgje\Galgje.csproj", "{B2E699D4-CE88-4707-A3D9-BCC3023CF491}"
EndProject
Global
	GlobalSection(SolutionConfigurationPlatforms) = preSolution
		Debug|Any CPU = Debug|Any CPU
		Release|Any CPU = Release|Any CPU
	EndGlobalSection
	GlobalSection(ProjectConfigurationPlatforms) = postSolution
		{B2E699D4-CE88-4707-A3D9-BCC3023CF491}.Debug|Any CPU.ActiveCfg = Debug|Any CPU
		{B2E699D4-CE88-4707-A3D9-BCC3023CF491}.Debug|Any CPU.Build.0 = Debug|Any CPU
		{B2E699D4-CE88-4707-A3D9-BCC3023CF491}.Release|Any CPU.ActiveCfg = Release|Any CPU
		{B2E699D4-CE88-4707-A3D9-BCC3023CF491}.Release|Any CPU.Build.0 = Release|Any CPU
	EndGlobalSection
	GlobalSection(SolutionProperties) = preSolution
		HideSolutionNode = FALSE
	EndGlobalSection
	GlobalSection(ExtensibilityGlobals) = postSolution
		SolutionGuid = {2427E439-7AEC-4C9C-984B-3B20605B597E}
	EndGlobalSection
EndGlobal
