
Microsoft Visual Studio Solution File, Format Version 12.00
# Visual Studio Version 16
VisualStudioVersion = 16.0.31624.102
MinimumVisualStudioVersion = 10.0.40219.1
Project("{FAE04EC0-301F-11D3-BF4B-00C04F79EFBC}") = "Computer Rekenen", "Computer Rekenen\Computer Rekenen.csproj", "{60CC2F37-EE67-45D6-8319-A4BA2D575EDE}"
EndProject
Global
	GlobalSection(SolutionConfigurationPlatforms) = preSolution
		Debug|Any CPU = Debug|Any CPU
		Release|Any CPU = Release|Any CPU
	EndGlobalSection
	GlobalSection(ProjectConfigurationPlatforms) = postSolution
		{60CC2F37-EE67-45D6-8319-A4BA2D575EDE}.Debug|Any CPU.ActiveCfg = Debug|Any CPU
		{60CC2F37-EE67-45D6-8319-A4BA2D575EDE}.Debug|Any CPU.Build.0 = Debug|Any CPU
		{60CC2F37-EE67-45D6-8319-A4BA2D575EDE}.Release|Any CPU.ActiveCfg = Release|Any CPU
		{60CC2F37-EE67-45D6-8319-A4BA2D575EDE}.Release|Any CPU.Build.0 = Release|Any CPU
	EndGlobalSection
	GlobalSection(SolutionProperties) = preSolution
		HideSolutionNode = FALSE
	EndGlobalSection
	GlobalSection(ExtensibilityGlobals) = postSolution
		SolutionGuid = {C67C2214-9994-42B7-B823-E917E47AB609}
	EndGlobalSection
EndGlobal
