
Microsoft Visual Studio Solution File, Format Version 12.00
# Visual Studio Version 16
VisualStudioVersion = 16.0.31911.196
MinimumVisualStudioVersion = 10.0.40219.1
Project("{FAE04EC0-301F-11D3-BF4B-00C04F79EFBC}") = "Fitnessplanner2.0", "Fitnessplanner2.0\Fitnessplanner2.0.csproj", "{8B3BBA0C-C445-43EA-9879-9EFD46999D18}"
EndProject
Global
	GlobalSection(SolutionConfigurationPlatforms) = preSolution
		Debug|Any CPU = Debug|Any CPU
		Release|Any CPU = Release|Any CPU
	EndGlobalSection
	GlobalSection(ProjectConfigurationPlatforms) = postSolution
		{8B3BBA0C-C445-43EA-9879-9EFD46999D18}.Debug|Any CPU.ActiveCfg = Debug|Any CPU
		{8B3BBA0C-C445-43EA-9879-9EFD46999D18}.Debug|Any CPU.Build.0 = Debug|Any CPU
		{8B3BBA0C-C445-43EA-9879-9EFD46999D18}.Release|Any CPU.ActiveCfg = Release|Any CPU
		{8B3BBA0C-C445-43EA-9879-9EFD46999D18}.Release|Any CPU.Build.0 = Release|Any CPU
	EndGlobalSection
	GlobalSection(SolutionProperties) = preSolution
		HideSolutionNode = FALSE
	EndGlobalSection
	GlobalSection(ExtensibilityGlobals) = postSolution
		SolutionGuid = {FA70FBE1-6D42-4315-B340-BC74C672260F}
	EndGlobalSection
EndGlobal
