
Microsoft Visual Studio Solution File, Format Version 12.00
# Visual Studio Version 16
VisualStudioVersion = 16.0.31624.102
MinimumVisualStudioVersion = 10.0.40219.1
Project("{FAE04EC0-301F-11D3-BF4B-00C04F79EFBC}") = "Checkbox Fitness diet", "Checkbox Fitness diet\Checkbox Fitness diet.csproj", "{EF99F8B9-52C6-418F-A0ED-6B2B71C5D510}"
EndProject
Global
	GlobalSection(SolutionConfigurationPlatforms) = preSolution
		Debug|Any CPU = Debug|Any CPU
		Release|Any CPU = Release|Any CPU
	EndGlobalSection
	GlobalSection(ProjectConfigurationPlatforms) = postSolution
		{EF99F8B9-52C6-418F-A0ED-6B2B71C5D510}.Debug|Any CPU.ActiveCfg = Debug|Any CPU
		{EF99F8B9-52C6-418F-A0ED-6B2B71C5D510}.Debug|Any CPU.Build.0 = Debug|Any CPU
		{EF99F8B9-52C6-418F-A0ED-6B2B71C5D510}.Release|Any CPU.ActiveCfg = Release|Any CPU
		{EF99F8B9-52C6-418F-A0ED-6B2B71C5D510}.Release|Any CPU.Build.0 = Release|Any CPU
	EndGlobalSection
	GlobalSection(SolutionProperties) = preSolution
		HideSolutionNode = FALSE
	EndGlobalSection
	GlobalSection(ExtensibilityGlobals) = postSolution
		SolutionGuid = {E1F2B4F7-01FC-48B3-9260-74CA0F96549E}
	EndGlobalSection
EndGlobal
